
Microsoft Visual Studio Solution File, Format Version 12.00
# Visual Studio Version 17
VisualStudioVersion = 17.8.34511.84
MinimumVisualStudioVersion = 10.0.40219.1
Project("{2150E333-8FDC-42A3-9474-1A3956D46DE8}") = ".solution", ".solution", "{FC83F63E-8D9E-4EB3-88FB-5D7FA13EE98E}"
	ProjectSection(SolutionItems) = preProject
		.editorconfig = .editorconfig
		.gitattributes = .gitattributes
		.gitignore = .gitignore
		..\..\Users\eli\AppData\Roaming\Chameleon\appsettings.json = ..\..\Users\eli\AppData\Roaming\Chameleon\appsettings.json
		Directory.Build.props = Directory.Build.props
		Directory.Packages.props = Directory.Packages.props
		LICENSE = LICENSE
		README.md = README.md
		Chameleon.Desktop\Info.plist = Chameleon.Desktop\Info.plist
	EndProjectSection
EndProject
Project("{2150E333-8FDC-42A3-9474-1A3956D46DE8}") = "app", "app", "{0B86C57C-40CF-4737-8F82-864548769102}"
EndProject
Project("{2150E333-8FDC-42A3-9474-1A3956D46DE8}") = "docs", "docs", "{AC2F00CB-88A2-44C8-ABDF-DD66EA1E0911}"
	ProjectSection(SolutionItems) = preProject
		docs\Contributing.md = docs\Contributing.md
		docs\Developers.md = docs\Developers.md
		docs\QA.md = docs\QA.md
	EndProjectSection
EndProject
Project("{2150E333-8FDC-42A3-9474-1A3956D46DE8}") = "scripts", "scripts", "{A0E66BE5-8196-4E24-8CB9-731AFBED22BD}"
	ProjectSection(SolutionItems) = preProject
		scripts\macbuild.sh = scripts\macbuild.sh
		scripts\macnoto.sh = scripts\macnoto.sh
		scripts\macpac.sh = scripts\macpac.sh
		scripts\macpload.sh = scripts\macpload.sh
		scripts\macsign.sh = scripts\macsign.sh
		scripts\macstatus.sh = scripts\macstatus.sh
		scripts\winbuild.sh = scripts\winbuild.sh
		scripts\winpload.sh = scripts\winpload.sh
		scripts\macship.sh = scripts\macship.sh
		scripts\deploy.sh = scripts\deploy.sh
	EndProjectSection
EndProject
Project("{FAE04EC0-301F-11D3-BF4B-00C04F79EFBC}") = "Chameleon.client", "Chameleon.client\Chameleon.client.csproj", "{F84616F6-D90C-40BC-9BD8-279010530232}"
EndProject
Project("{FAE04EC0-301F-11D3-BF4B-00C04F79EFBC}") = "Chameleon.Desktop", "Chameleon.Desktop\Chameleon.Desktop.csproj", "{A70597F3-5FEC-4DA5-A68E-3016FF1C37EE}"
EndProject
Project("{2150E333-8FDC-42A3-9474-1A3956D46DE8}") = "lib", "lib", "{3A8DF596-E814-FECC-DD4B-D8EF8AAC1A0D}"
EndProject
Project("{FAE04EC0-301F-11D3-BF4B-00C04F79EFBC}") = "chameleon.assets", "..\Chameleon-lib\Chameleon.Assets\chameleon.assets.csproj", "{11BDD01F-9CF8-4564-ADE4-CE987CC20643}"
EndProject
Project("{FAE04EC0-301F-11D3-BF4B-00C04F79EFBC}") = "Chameleon.lib", "..\Chameleon-lib\Chameleon.lib\Chameleon.lib.csproj", "{22E9BF3D-A9EA-4C1C-B472-F53DB5A840D8}"
EndProject
Project("{FAE04EC0-301F-11D3-BF4B-00C04F79EFBC}") = "Chameleon.lib.Api", "..\Chameleon-lib\Chameleon.lib.Api\Chameleon.lib.Api.csproj", "{410D0A1A-E43A-4B41-A35F-C786D2CBEAEE}"
EndProject
Project("{FAE04EC0-301F-11D3-BF4B-00C04F79EFBC}") = "Chameleon.lib.Common", "..\Chameleon-lib\Chameleon.lib.Common\Chameleon.lib.Common.csproj", "{D0B99CFF-337A-4A22-876C-BEB0E24742D0}"
EndProject
Project("{FAE04EC0-301F-11D3-BF4B-00C04F79EFBC}") = "Chameleon.lib.Playwright", "..\Chameleon-lib\Chameleon.lib.Playwright\Chameleon.lib.Playwright.csproj", "{A12A9384-AD37-4E89-89B7-C4CA564907C7}"
EndProject
Project("{FAE04EC0-301F-11D3-BF4B-00C04F79EFBC}") = "Chameleon.lib.WebBrowser", "..\Chameleon-lib\Chameleon.lib.WebBrowser\Chameleon.lib.WebBrowser.csproj", "{7724F61D-F1A7-4D3B-8F98-698784BB38F5}"
EndProject
Project("{FAE04EC0-301F-11D3-BF4B-00C04F79EFBC}") = "Chameleon.lib.AIR", "..\Chameleon-lib\Chameleon.lib.AIR\Chameleon.lib.AIR.csproj", "{29B49DC6-A92E-4F80-BD10-B66FDD0C369E}"
EndProject
Project("{FAE04EC0-301F-11D3-BF4B-00C04F79EFBC}") = "Tests", "..\Chameleon-lib\Tests\Tests.csproj", "{A3A74176-9F67-4914-9374-15A6B99E6DEF}"
EndProject
Global
	GlobalSection(SolutionConfigurationPlatforms) = preSolution
		Debug|Any CPU = Debug|Any CPU
		Debug|x64 = Debug|x64
		Debug|x86 = Debug|x86
		Release|Any CPU = Release|Any CPU
		Release|x64 = Release|x64
		Release|x86 = Release|x86
	EndGlobalSection
	GlobalSection(ProjectConfigurationPlatforms) = postSolution
		{F84616F6-D90C-40BC-9BD8-279010530232}.Debug|Any CPU.ActiveCfg = Debug|Any CPU
		{F84616F6-D90C-40BC-9BD8-279010530232}.Debug|Any CPU.Build.0 = Debug|Any CPU
		{F84616F6-D90C-40BC-9BD8-279010530232}.Debug|x64.ActiveCfg = Debug|Any CPU
		{F84616F6-D90C-40BC-9BD8-279010530232}.Debug|x64.Build.0 = Debug|Any CPU
		{F84616F6-D90C-40BC-9BD8-279010530232}.Debug|x86.ActiveCfg = Debug|Any CPU
		{F84616F6-D90C-40BC-9BD8-279010530232}.Debug|x86.Build.0 = Debug|Any CPU
		{F84616F6-D90C-40BC-9BD8-279010530232}.Release|Any CPU.ActiveCfg = Release|Any CPU
		{F84616F6-D90C-40BC-9BD8-279010530232}.Release|Any CPU.Build.0 = Release|Any CPU
		{F84616F6-D90C-40BC-9BD8-279010530232}.Release|x64.ActiveCfg = Release|Any CPU
		{F84616F6-D90C-40BC-9BD8-279010530232}.Release|x64.Build.0 = Release|Any CPU
		{F84616F6-D90C-40BC-9BD8-279010530232}.Release|x86.ActiveCfg = Release|Any CPU
		{F84616F6-D90C-40BC-9BD8-279010530232}.Release|x86.Build.0 = Release|Any CPU
		{A70597F3-5FEC-4DA5-A68E-3016FF1C37EE}.Debug|Any CPU.ActiveCfg = Debug|Any CPU
		{A70597F3-5FEC-4DA5-A68E-3016FF1C37EE}.Debug|Any CPU.Build.0 = Debug|Any CPU
		{A70597F3-5FEC-4DA5-A68E-3016FF1C37EE}.Debug|x64.ActiveCfg = Debug|Any CPU
		{A70597F3-5FEC-4DA5-A68E-3016FF1C37EE}.Debug|x64.Build.0 = Debug|Any CPU
		{A70597F3-5FEC-4DA5-A68E-3016FF1C37EE}.Debug|x86.ActiveCfg = Debug|Any CPU
		{A70597F3-5FEC-4DA5-A68E-3016FF1C37EE}.Debug|x86.Build.0 = Debug|Any CPU
		{A70597F3-5FEC-4DA5-A68E-3016FF1C37EE}.Release|Any CPU.ActiveCfg = Release|Any CPU
		{A70597F3-5FEC-4DA5-A68E-3016FF1C37EE}.Release|Any CPU.Build.0 = Release|Any CPU
		{A70597F3-5FEC-4DA5-A68E-3016FF1C37EE}.Release|x64.ActiveCfg = Release|Any CPU
		{A70597F3-5FEC-4DA5-A68E-3016FF1C37EE}.Release|x64.Build.0 = Release|Any CPU
		{A70597F3-5FEC-4DA5-A68E-3016FF1C37EE}.Release|x86.ActiveCfg = Release|Any CPU
		{A70597F3-5FEC-4DA5-A68E-3016FF1C37EE}.Release|x86.Build.0 = Release|Any CPU
		{11BDD01F-9CF8-4564-ADE4-CE987CC20643}.Debug|Any CPU.ActiveCfg = Debug|Any CPU
		{11BDD01F-9CF8-4564-ADE4-CE987CC20643}.Debug|Any CPU.Build.0 = Debug|Any CPU
		{11BDD01F-9CF8-4564-ADE4-CE987CC20643}.Debug|x64.ActiveCfg = Debug|Any CPU
		{11BDD01F-9CF8-4564-ADE4-CE987CC20643}.Debug|x64.Build.0 = Debug|Any CPU
		{11BDD01F-9CF8-4564-ADE4-CE987CC20643}.Debug|x86.ActiveCfg = Debug|Any CPU
		{11BDD01F-9CF8-4564-ADE4-CE987CC20643}.Debug|x86.Build.0 = Debug|Any CPU
		{11BDD01F-9CF8-4564-ADE4-CE987CC20643}.Release|Any CPU.ActiveCfg = Release|Any CPU
		{11BDD01F-9CF8-4564-ADE4-CE987CC20643}.Release|Any CPU.Build.0 = Release|Any CPU
		{11BDD01F-9CF8-4564-ADE4-CE987CC20643}.Release|x64.ActiveCfg = Release|Any CPU
		{11BDD01F-9CF8-4564-ADE4-CE987CC20643}.Release|x64.Build.0 = Release|Any CPU
		{11BDD01F-9CF8-4564-ADE4-CE987CC20643}.Release|x86.ActiveCfg = Release|Any CPU
		{11BDD01F-9CF8-4564-ADE4-CE987CC20643}.Release|x86.Build.0 = Release|Any CPU
		{22E9BF3D-A9EA-4C1C-B472-F53DB5A840D8}.Debug|Any CPU.ActiveCfg = Debug|Any CPU
		{22E9BF3D-A9EA-4C1C-B472-F53DB5A840D8}.Debug|Any CPU.Build.0 = Debug|Any CPU
		{22E9BF3D-A9EA-4C1C-B472-F53DB5A840D8}.Debug|x64.ActiveCfg = Debug|Any CPU
		{22E9BF3D-A9EA-4C1C-B472-F53DB5A840D8}.Debug|x64.Build.0 = Debug|Any CPU
		{22E9BF3D-A9EA-4C1C-B472-F53DB5A840D8}.Debug|x86.ActiveCfg = Debug|Any CPU
		{22E9BF3D-A9EA-4C1C-B472-F53DB5A840D8}.Debug|x86.Build.0 = Debug|Any CPU
		{22E9BF3D-A9EA-4C1C-B472-F53DB5A840D8}.Release|Any CPU.ActiveCfg = Release|Any CPU
		{22E9BF3D-A9EA-4C1C-B472-F53DB5A840D8}.Release|Any CPU.Build.0 = Release|Any CPU
		{22E9BF3D-A9EA-4C1C-B472-F53DB5A840D8}.Release|x64.ActiveCfg = Release|Any CPU
		{22E9BF3D-A9EA-4C1C-B472-F53DB5A840D8}.Release|x64.Build.0 = Release|Any CPU
		{22E9BF3D-A9EA-4C1C-B472-F53DB5A840D8}.Release|x86.ActiveCfg = Release|Any CPU
		{22E9BF3D-A9EA-4C1C-B472-F53DB5A840D8}.Release|x86.Build.0 = Release|Any CPU
		{410D0A1A-E43A-4B41-A35F-C786D2CBEAEE}.Debug|Any CPU.ActiveCfg = Debug|Any CPU
		{410D0A1A-E43A-4B41-A35F-C786D2CBEAEE}.Debug|Any CPU.Build.0 = Debug|Any CPU
		{410D0A1A-E43A-4B41-A35F-C786D2CBEAEE}.Debug|x64.ActiveCfg = Debug|Any CPU
		{410D0A1A-E43A-4B41-A35F-C786D2CBEAEE}.Debug|x64.Build.0 = Debug|Any CPU
		{410D0A1A-E43A-4B41-A35F-C786D2CBEAEE}.Debug|x86.ActiveCfg = Debug|Any CPU
		{410D0A1A-E43A-4B41-A35F-C786D2CBEAEE}.Debug|x86.Build.0 = Debug|Any CPU
		{410D0A1A-E43A-4B41-A35F-C786D2CBEAEE}.Release|Any CPU.ActiveCfg = Release|Any CPU
		{410D0A1A-E43A-4B41-A35F-C786D2CBEAEE}.Release|Any CPU.Build.0 = Release|Any CPU
		{410D0A1A-E43A-4B41-A35F-C786D2CBEAEE}.Release|x64.ActiveCfg = Release|Any CPU
		{410D0A1A-E43A-4B41-A35F-C786D2CBEAEE}.Release|x64.Build.0 = Release|Any CPU
		{410D0A1A-E43A-4B41-A35F-C786D2CBEAEE}.Release|x86.ActiveCfg = Release|Any CPU
		{410D0A1A-E43A-4B41-A35F-C786D2CBEAEE}.Release|x86.Build.0 = Release|Any CPU
		{D0B99CFF-337A-4A22-876C-BEB0E24742D0}.Debug|Any CPU.ActiveCfg = Debug|Any CPU
		{D0B99CFF-337A-4A22-876C-BEB0E24742D0}.Debug|Any CPU.Build.0 = Debug|Any CPU
		{D0B99CFF-337A-4A22-876C-BEB0E24742D0}.Debug|x64.ActiveCfg = Debug|Any CPU
		{D0B99CFF-337A-4A22-876C-BEB0E24742D0}.Debug|x64.Build.0 = Debug|Any CPU
		{D0B99CFF-337A-4A22-876C-BEB0E24742D0}.Debug|x86.ActiveCfg = Debug|Any CPU
		{D0B99CFF-337A-4A22-876C-BEB0E24742D0}.Debug|x86.Build.0 = Debug|Any CPU
		{D0B99CFF-337A-4A22-876C-BEB0E24742D0}.Release|Any CPU.ActiveCfg = Release|Any CPU
		{D0B99CFF-337A-4A22-876C-BEB0E24742D0}.Release|Any CPU.Build.0 = Release|Any CPU
		{D0B99CFF-337A-4A22-876C-BEB0E24742D0}.Release|x64.ActiveCfg = Release|Any CPU
		{D0B99CFF-337A-4A22-876C-BEB0E24742D0}.Release|x64.Build.0 = Release|Any CPU
		{D0B99CFF-337A-4A22-876C-BEB0E24742D0}.Release|x86.ActiveCfg = Release|Any CPU
		{D0B99CFF-337A-4A22-876C-BEB0E24742D0}.Release|x86.Build.0 = Release|Any CPU
		{A12A9384-AD37-4E89-89B7-C4CA564907C7}.Debug|Any CPU.ActiveCfg = Debug|Any CPU
		{A12A9384-AD37-4E89-89B7-C4CA564907C7}.Debug|Any CPU.Build.0 = Debug|Any CPU
		{A12A9384-AD37-4E89-89B7-C4CA564907C7}.Debug|x64.ActiveCfg = Debug|Any CPU
		{A12A9384-AD37-4E89-89B7-C4CA564907C7}.Debug|x64.Build.0 = Debug|Any CPU
		{A12A9384-AD37-4E89-89B7-C4CA564907C7}.Debug|x86.ActiveCfg = Debug|Any CPU
		{A12A9384-AD37-4E89-89B7-C4CA564907C7}.Debug|x86.Build.0 = Debug|Any CPU
		{A12A9384-AD37-4E89-89B7-C4CA564907C7}.Release|Any CPU.ActiveCfg = Release|Any CPU
		{A12A9384-AD37-4E89-89B7-C4CA564907C7}.Release|Any CPU.Build.0 = Release|Any CPU
		{A12A9384-AD37-4E89-89B7-C4CA564907C7}.Release|x64.ActiveCfg = Release|Any CPU
		{A12A9384-AD37-4E89-89B7-C4CA564907C7}.Release|x64.Build.0 = Release|Any CPU
		{A12A9384-AD37-4E89-89B7-C4CA564907C7}.Release|x86.ActiveCfg = Release|Any CPU
		{A12A9384-AD37-4E89-89B7-C4CA564907C7}.Release|x86.Build.0 = Release|Any CPU
		{7724F61D-F1A7-4D3B-8F98-698784BB38F5}.Debug|Any CPU.ActiveCfg = Debug|Any CPU
		{7724F61D-F1A7-4D3B-8F98-698784BB38F5}.Debug|Any CPU.Build.0 = Debug|Any CPU
		{7724F61D-F1A7-4D3B-8F98-698784BB38F5}.Debug|x64.ActiveCfg = Debug|Any CPU
		{7724F61D-F1A7-4D3B-8F98-698784BB38F5}.Debug|x64.Build.0 = Debug|Any CPU
		{7724F61D-F1A7-4D3B-8F98-698784BB38F5}.Debug|x86.ActiveCfg = Debug|Any CPU
		{7724F61D-F1A7-4D3B-8F98-698784BB38F5}.Debug|x86.Build.0 = Debug|Any CPU
		{7724F61D-F1A7-4D3B-8F98-698784BB38F5}.Release|Any CPU.ActiveCfg = Release|Any CPU
		{7724F61D-F1A7-4D3B-8F98-698784BB38F5}.Release|Any CPU.Build.0 = Release|Any CPU
		{7724F61D-F1A7-4D3B-8F98-698784BB38F5}.Release|x64.ActiveCfg = Release|Any CPU
		{7724F61D-F1A7-4D3B-8F98-698784BB38F5}.Release|x64.Build.0 = Release|Any CPU
		{7724F61D-F1A7-4D3B-8F98-698784BB38F5}.Release|x86.ActiveCfg = Release|Any CPU
		{7724F61D-F1A7-4D3B-8F98-698784BB38F5}.Release|x86.Build.0 = Release|Any CPU
		{29B49DC6-A92E-4F80-BD10-B66FDD0C369E}.Debug|Any CPU.ActiveCfg = Debug|Any CPU
		{29B49DC6-A92E-4F80-BD10-B66FDD0C369E}.Debug|Any CPU.Build.0 = Debug|Any CPU
		{29B49DC6-A92E-4F80-BD10-B66FDD0C369E}.Debug|x64.ActiveCfg = Debug|Any CPU
		{29B49DC6-A92E-4F80-BD10-B66FDD0C369E}.Debug|x64.Build.0 = Debug|Any CPU
		{29B49DC6-A92E-4F80-BD10-B66FDD0C369E}.Debug|x86.ActiveCfg = Debug|Any CPU
		{29B49DC6-A92E-4F80-BD10-B66FDD0C369E}.Debug|x86.Build.0 = Debug|Any CPU
		{29B49DC6-A92E-4F80-BD10-B66FDD0C369E}.Release|Any CPU.ActiveCfg = Release|Any CPU
		{29B49DC6-A92E-4F80-BD10-B66FDD0C369E}.Release|Any CPU.Build.0 = Release|Any CPU
		{29B49DC6-A92E-4F80-BD10-B66FDD0C369E}.Release|x64.ActiveCfg = Release|Any CPU
		{29B49DC6-A92E-4F80-BD10-B66FDD0C369E}.Release|x64.Build.0 = Release|Any CPU
		{29B49DC6-A92E-4F80-BD10-B66FDD0C369E}.Release|x86.ActiveCfg = Release|Any CPU
		{29B49DC6-A92E-4F80-BD10-B66FDD0C369E}.Release|x86.Build.0 = Release|Any CPU
		{A3A74176-9F67-4914-9374-15A6B99E6DEF}.Debug|Any CPU.ActiveCfg = Debug|Any CPU
		{A3A74176-9F67-4914-9374-15A6B99E6DEF}.Debug|Any CPU.Build.0 = Debug|Any CPU
		{A3A74176-9F67-4914-9374-15A6B99E6DEF}.Debug|x64.ActiveCfg = Debug|Any CPU
		{A3A74176-9F67-4914-9374-15A6B99E6DEF}.Debug|x64.Build.0 = Debug|Any CPU
		{A3A74176-9F67-4914-9374-15A6B99E6DEF}.Debug|x86.ActiveCfg = Debug|Any CPU
		{A3A74176-9F67-4914-9374-15A6B99E6DEF}.Debug|x86.Build.0 = Debug|Any CPU
		{A3A74176-9F67-4914-9374-15A6B99E6DEF}.Release|Any CPU.ActiveCfg = Release|Any CPU
		{A3A74176-9F67-4914-9374-15A6B99E6DEF}.Release|Any CPU.Build.0 = Release|Any CPU
		{A3A74176-9F67-4914-9374-15A6B99E6DEF}.Release|x64.ActiveCfg = Release|Any CPU
		{A3A74176-9F67-4914-9374-15A6B99E6DEF}.Release|x64.Build.0 = Release|Any CPU
		{A3A74176-9F67-4914-9374-15A6B99E6DEF}.Release|x86.ActiveCfg = Release|Any CPU
		{A3A74176-9F67-4914-9374-15A6B99E6DEF}.Release|x86.Build.0 = Release|Any CPU
	EndGlobalSection
	GlobalSection(SolutionProperties) = preSolution
		HideSolutionNode = FALSE
	EndGlobalSection
	GlobalSection(NestedProjects) = preSolution
		{AC2F00CB-88A2-44C8-ABDF-DD66EA1E0911} = {FC83F63E-8D9E-4EB3-88FB-5D7FA13EE98E}
		{A0E66BE5-8196-4E24-8CB9-731AFBED22BD} = {FC83F63E-8D9E-4EB3-88FB-5D7FA13EE98E}
		{F84616F6-D90C-40BC-9BD8-279010530232} = {0B86C57C-40CF-4737-8F82-864548769102}
		{A70597F3-5FEC-4DA5-A68E-3016FF1C37EE} = {0B86C57C-40CF-4737-8F82-864548769102}
		{11BDD01F-9CF8-4564-ADE4-CE987CC20643} = {3A8DF596-E814-FECC-DD4B-D8EF8AAC1A0D}
		{22E9BF3D-A9EA-4C1C-B472-F53DB5A840D8} = {3A8DF596-E814-FECC-DD4B-D8EF8AAC1A0D}
		{410D0A1A-E43A-4B41-A35F-C786D2CBEAEE} = {3A8DF596-E814-FECC-DD4B-D8EF8AAC1A0D}
		{D0B99CFF-337A-4A22-876C-BEB0E24742D0} = {3A8DF596-E814-FECC-DD4B-D8EF8AAC1A0D}
		{A12A9384-AD37-4E89-89B7-C4CA564907C7} = {3A8DF596-E814-FECC-DD4B-D8EF8AAC1A0D}
		{7724F61D-F1A7-4D3B-8F98-698784BB38F5} = {3A8DF596-E814-FECC-DD4B-D8EF8AAC1A0D}
		{29B49DC6-A92E-4F80-BD10-B66FDD0C369E} = {3A8DF596-E814-FECC-DD4B-D8EF8AAC1A0D}
		{A3A74176-9F67-4914-9374-15A6B99E6DEF} = {3A8DF596-E814-FECC-DD4B-D8EF8AAC1A0D}
	EndGlobalSection
	GlobalSection(ExtensibilityGlobals) = postSolution
		SolutionGuid = {52C30471-AD92-43F8-A89B-23CD1967C6A9}
	EndGlobalSection
EndGlobal
