
Microsoft Visual Studio Solution File, Format Version 12.00
# Visual Studio Version 17
VisualStudioVersion = 17.8.34511.84
MinimumVisualStudioVersion = 10.0.40219.1
Project("{2150E333-8FDC-42A3-9474-1A3956D46DE8}") = "Solution Items", "Solution Items", "{FC83F63E-8D9E-4EB3-88FB-5D7FA13EE98E}"
	ProjectSection(SolutionItems) = preProject
		.editorconfig = .editorconfig
		.gitattributes = .gitattributes
		.gitignore = .gitignore
		..\..\Users\eli\AppData\Roaming\Chameleon\appsettings.json = ..\..\Users\eli\AppData\Roaming\Chameleon\appsettings.json
		Directory.Build.props = Directory.Build.props
		Directory.Packages.props = Directory.Packages.props
		LICENSE = LICENSE
		README.md = README.md
	EndProjectSection
EndProject
Project("{9A19103F-16F7-4668-BE54-9A1E7A4F7556}") = "Chameleon.app.Avalonia", "Chameleon.app.Avalonia\Chameleon.app.Avalonia.csproj", "{8C417AF0-D948-4637-B38B-DDC6E058C83D}"
EndProject
Project("{2150E333-8FDC-42A3-9474-1A3956D46DE8}") = "app", "app", "{0B86C57C-40CF-4737-8F82-864548769102}"
EndProject
Project("{2150E333-8FDC-42A3-9474-1A3956D46DE8}") = "docs", "docs", "{AC2F00CB-88A2-44C8-ABDF-DD66EA1E0911}"
	ProjectSection(SolutionItems) = preProject
		docs\Contributing.md = docs\Contributing.md
		docs\Developers.md = docs\Developers.md
		docs\QA.md = docs\QA.md
	EndProjectSection
EndProject
Project("{2150E333-8FDC-42A3-9474-1A3956D46DE8}") = "lib", "lib", "{99A4DEF3-5CE7-424B-8811-DF2DEB87EB67}"
	ProjectSection(SolutionItems) = preProject
		..\chameleon-lib\.editorconfig = ..\chameleon-lib\.editorconfig
		..\chameleon-lib\Directory.Build.props = ..\chameleon-lib\Directory.Build.props
		..\chameleon-lib\Directory.Packages.props = ..\chameleon-lib\Directory.Packages.props
	EndProjectSection
EndProject
Project("{2150E333-8FDC-42A3-9474-1A3956D46DE8}") = "scripts", "scripts", "{A0E66BE5-8196-4E24-8CB9-731AFBED22BD}"
	ProjectSection(SolutionItems) = preProject
		scripts\macnoto.sh = scripts\macnoto.sh
		scripts\winbuild.sh = scripts\winbuild.sh
		scripts\winpload.sh = scripts\winpload.sh
		scripts\macbuild.sh = scripts\macbuild.sh
		scripts\macpac.sh = scripts\macpac.sh
		scripts\macsign.sh = scripts\macsign.sh
		scripts\macpload.sh = scripts\macpload.sh
		scripts\macstatus.sh = scripts\macstatus.sh
	EndProjectSection
EndProject
Project("{FAE04EC0-301F-11D3-BF4B-00C04F79EFBC}") = "Chameleon.client", "Chameleon.client\Chameleon.client.csproj", "{F84616F6-D90C-40BC-9BD8-279010530232}"
EndProject
Project("{FAE04EC0-301F-11D3-BF4B-00C04F79EFBC}") = "Chameleon.Desktop", "Chameleon.Desktop\Chameleon.Desktop.csproj", "{A70597F3-5FEC-4DA5-A68E-3016FF1C37EE}"
EndProject
Global
	GlobalSection(SolutionConfigurationPlatforms) = preSolution
		Debug|Any CPU = Debug|Any CPU
		Release|Any CPU = Release|Any CPU
	EndGlobalSection
	GlobalSection(ProjectConfigurationPlatforms) = postSolution
		{8C417AF0-D948-4637-B38B-DDC6E058C83D}.Debug|Any CPU.ActiveCfg = Debug|Any CPU
		{8C417AF0-D948-4637-B38B-DDC6E058C83D}.Debug|Any CPU.Build.0 = Debug|Any CPU
		{8C417AF0-D948-4637-B38B-DDC6E058C83D}.Release|Any CPU.ActiveCfg = Release|Any CPU
		{8C417AF0-D948-4637-B38B-DDC6E058C83D}.Release|Any CPU.Build.0 = Release|Any CPU
		{F84616F6-D90C-40BC-9BD8-279010530232}.Debug|Any CPU.ActiveCfg = Debug|Any CPU
		{F84616F6-D90C-40BC-9BD8-279010530232}.Debug|Any CPU.Build.0 = Debug|Any CPU
		{F84616F6-D90C-40BC-9BD8-279010530232}.Release|Any CPU.ActiveCfg = Release|Any CPU
		{F84616F6-D90C-40BC-9BD8-279010530232}.Release|Any CPU.Build.0 = Release|Any CPU
		{A70597F3-5FEC-4DA5-A68E-3016FF1C37EE}.Debug|Any CPU.ActiveCfg = Debug|Any CPU
		{A70597F3-5FEC-4DA5-A68E-3016FF1C37EE}.Debug|Any CPU.Build.0 = Debug|Any CPU
		{A70597F3-5FEC-4DA5-A68E-3016FF1C37EE}.Release|Any CPU.ActiveCfg = Release|Any CPU
		{A70597F3-5FEC-4DA5-A68E-3016FF1C37EE}.Release|Any CPU.Build.0 = Release|Any CPU
	EndGlobalSection
	GlobalSection(SolutionProperties) = preSolution
		HideSolutionNode = FALSE
	EndGlobalSection
	GlobalSection(NestedProjects) = preSolution
		{8C417AF0-D948-4637-B38B-DDC6E058C83D} = {0B86C57C-40CF-4737-8F82-864548769102}
		{AC2F00CB-88A2-44C8-ABDF-DD66EA1E0911} = {FC83F63E-8D9E-4EB3-88FB-5D7FA13EE98E}
		{99A4DEF3-5CE7-424B-8811-DF2DEB87EB67} = {FC83F63E-8D9E-4EB3-88FB-5D7FA13EE98E}
		{A0E66BE5-8196-4E24-8CB9-731AFBED22BD} = {FC83F63E-8D9E-4EB3-88FB-5D7FA13EE98E}
		{F84616F6-D90C-40BC-9BD8-279010530232} = {0B86C57C-40CF-4737-8F82-864548769102}
		{A70597F3-5FEC-4DA5-A68E-3016FF1C37EE} = {0B86C57C-40CF-4737-8F82-864548769102}
	EndGlobalSection
	GlobalSection(ExtensibilityGlobals) = postSolution
		SolutionGuid = {52C30471-AD92-43F8-A89B-23CD1967C6A9}
	EndGlobalSection
EndGlobal
