
Microsoft Visual Studio Solution File, Format Version 12.00
# Visual Studio Version 17
VisualStudioVersion = 17.8.34511.84
MinimumVisualStudioVersion = 10.0.40219.1
Project("{2150E333-8FDC-42A3-9474-1A3956D46DE8}") = "Architecture", "Architecture", "{EDA2D604-6596-49E3-B16D-010515BD81FA}"
EndProject
Project("{9A19103F-16F7-4668-BE54-9A1E7A4F7556}") = "Chameleon.Application.Shared", "Chameleon.Web\aspnet-core\src\Chameleon.Application.Shared\Chameleon.Application.Shared.csproj", "{6981B91B-2C62-488A-9447-DA5015B2CC60}"
EndProject
Project("{2150E333-8FDC-42A3-9474-1A3956D46DE8}") = "Api", "Api", "{E57F56C7-ACF8-48E2-9406-DD7C25779808}"
EndProject
Project("{9A19103F-16F7-4668-BE54-9A1E7A4F7556}") = "Chameleon.Core.Shared", "Chameleon.Web\aspnet-core\src\Chameleon.Core.Shared\Chameleon.Core.Shared.csproj", "{CD38C5E1-3856-411D-B4DA-AE8ECE10B751}"
EndProject
Project("{9A19103F-16F7-4668-BE54-9A1E7A4F7556}") = "Chameleon.App.Maui", "Chameleon.App\Maui\src\Chameleon.Maui\Chameleon.App.Maui\Chameleon.App.Maui.csproj", "{C25C91D1-9D64-4090-BC72-2FF8B5F4D9F5}"
EndProject
Project("{2150E333-8FDC-42A3-9474-1A3956D46DE8}") = "Applications", "Applications", "{ED41F1A5-E227-4A2A-B6AE-7435A368EE8C}"
EndProject
Project("{2150E333-8FDC-42A3-9474-1A3956D46DE8}") = "Solution Items", "Solution Items", "{FC83F63E-8D9E-4EB3-88FB-5D7FA13EE98E}"
	ProjectSection(SolutionItems) = preProject
		.editorconfig = .editorconfig
		.gitattributes = .gitattributes
		.gitignore = .gitignore
		README.md = README.md
	EndProjectSection
EndProject
Project("{2150E333-8FDC-42A3-9474-1A3956D46DE8}") = "Views", "Views", "{4A7EF5ED-A826-4212-A87F-FD4C64514F59}"
EndProject
Project("{2150E333-8FDC-42A3-9474-1A3956D46DE8}") = "src", "src", "{DD2E432A-BC2B-432B-BC89-0777702DB877}"
EndProject
Project("{9A19103F-16F7-4668-BE54-9A1E7A4F7556}") = "Chameleon.Interfaces", "src\Chameleon.Interfaces\Chameleon.Interfaces.csproj", "{F828F9B1-BADC-4F31-B80C-1B7486F77711}"
EndProject
Project("{2150E333-8FDC-42A3-9474-1A3956D46DE8}") = "Maui", "Maui", "{0CBE8269-9B38-429D-B104-35671AC60ECA}"
EndProject
Project("{2150E333-8FDC-42A3-9474-1A3956D46DE8}") = "Pages", "Pages", "{1F825646-A762-4898-A873-0A1AFCA90035}"
EndProject
Project("{9A19103F-16F7-4668-BE54-9A1E7A4F7556}") = "Chameleon.Maui.Pages.Login", "Chameleon.App\Maui\src\Chameleon.Maui.Pages.Login\Chameleon.Maui.Pages.Login.csproj", "{8A774660-044E-41FD-9132-CAD3807AD9D8}"
EndProject
Project("{9A19103F-16F7-4668-BE54-9A1E7A4F7556}") = "Chameleon.Maui.Pages.Settings", "Chameleon.App\Maui\src\Chameleon.Maui.Pages.Settings\Chameleon.Maui.Pages.Settings.csproj", "{5068EFCD-1D32-4A23-8FCC-9CE620ABDB32}"
EndProject
Project("{9A19103F-16F7-4668-BE54-9A1E7A4F7556}") = "Chameleon.Maui.Interfaces", "Chameleon.App\Maui\src\Chameleon.Maui.Interfaces\Chameleon.Maui.Interfaces.csproj", "{C2DD6EDA-32DF-4FBF-9D2A-19546582DB64}"
EndProject
Project("{9A19103F-16F7-4668-BE54-9A1E7A4F7556}") = "Chameleon.Maui.Toolkit", "Chameleon.App\Maui\src\Chameleon.Maui.Toolkit\Chameleon.Maui.Toolkit.csproj", "{E19CD29E-4669-4D3D-9D2C-7D072775E526}"
EndProject
Project("{9A19103F-16F7-4668-BE54-9A1E7A4F7556}") = "Chameleon.Maui.Pages", "Chameleon.App\Maui\src\Chameleon.Maui.Pages\Chameleon.Maui.Pages.csproj", "{7829B5C1-D60D-4F52-88F0-F14C141FAF0A}"
EndProject
Project("{9A19103F-16F7-4668-BE54-9A1E7A4F7556}") = "Chameleon.Core", "src\Chameleon.Core\Chameleon.Core.csproj", "{132925FF-B89C-4FC0-9AA8-E83455FCC2BA}"
EndProject
Project("{9A19103F-16F7-4668-BE54-9A1E7A4F7556}") = "Chameleon.Infrastructure", "src\Chameleon.Infrastructure\Chameleon.Infrastructure.csproj", "{08ED3E07-406D-47B3-9927-38B8066FF498}"
EndProject
Project("{9A19103F-16F7-4668-BE54-9A1E7A4F7556}") = "Chameleon.Domain", "src\Chameleon.Domain\Chameleon.Domain.csproj", "{3B884611-FF16-46FC-890D-B85AE6388511}"
EndProject
Project("{2150E333-8FDC-42A3-9474-1A3956D46DE8}") = "Modules", "Modules", "{64CDDC0F-0BCE-4990-869C-722E3F7BFF64}"
EndProject
Project("{9A19103F-16F7-4668-BE54-9A1E7A4F7556}") = "Chameleon.Modules.Auth", "src\Modules\Chameleon.Modules.Auth\Chameleon.Modules.Auth.csproj", "{61D57D8B-20D4-42EB-BA1B-9E4FCAFA995F}"
EndProject
Project("{9A19103F-16F7-4668-BE54-9A1E7A4F7556}") = "Chameleon.Maui.Application", "Chameleon.App\Maui\src\Chameleon.Maui.Application\Chameleon.Maui.Application.csproj", "{403C174F-1B60-42C5-AC65-1F42422891A9}"
EndProject
Project("{2150E333-8FDC-42A3-9474-1A3956D46DE8}") = "Avalonia", "Avalonia", "{DE63877A-8B12-433C-B53C-8A03A5F3A071}"
EndProject
Project("{9A19103F-16F7-4668-BE54-9A1E7A4F7556}") = "Chameleon.Application", "src\Chameleon.Application\Chameleon.Application.csproj", "{8B2F015D-2EDE-48A0-A1A9-36AE918CF81D}"
EndProject
Project("{9A19103F-16F7-4668-BE54-9A1E7A4F7556}") = "Chameleon.Avalonia.PrismApp", "Chameleon.Avalonia\src\Chameleon.Avalonia.PrismApp\Chameleon.Avalonia.PrismApp.csproj", "{B8040407-EC02-4AA3-BF8F-03F80F800B5D}"
EndProject
Project("{2150E333-8FDC-42A3-9474-1A3956D46DE8}") = "AvApp", "AvApp", "{CE5E137F-ECF3-42D0-99BB-18BA964E56EF}"
EndProject
Project("{9A19103F-16F7-4668-BE54-9A1E7A4F7556}") = "Chameleon.Avalonia.Prism.Domain", "Chameleon.Avalonia\src\Chameleon.Avalonia.Prism.Domain\Chameleon.Avalonia.Prism.Domain.csproj", "{D6FFA8C9-9F71-4EC3-B286-89DACC43F7AE}"
EndProject
Project("{9A19103F-16F7-4668-BE54-9A1E7A4F7556}") = "Chameleon.Avalonia.Prism.Infrastructure", "Chameleon.Avalonia\src\Chameleon.Avalonia.Prism.Infrastructure\Chameleon.Avalonia.Prism.Infrastructure.csproj", "{1A229BA5-507D-4AEF-A113-62C00955568F}"
EndProject
Project("{9A19103F-16F7-4668-BE54-9A1E7A4F7556}") = "Chameleon.Avalonia.Common", "Chameleon.Avalonia\src\Chameleon.Avalonia.Common\Chameleon.Avalonia.Common.csproj", "{9D4A42FB-1EDF-490B-9182-539F51899780}"
EndProject
Project("{9A19103F-16F7-4668-BE54-9A1E7A4F7556}") = "Chameleon.Avalonia.Prism.Interfaces", "Chameleon.Avalonia\src\Chameleon.Avalonia.Prism.Interfaces\Chameleon.Avalonia.Prism.Interfaces.csproj", "{80FA820E-965E-49F5-A1B1-79B0C77EA76B}"
EndProject
Project("{9A19103F-16F7-4668-BE54-9A1E7A4F7556}") = "Chameleon.Avalonia.Prism.Application", "Chameleon.Avalonia\src\Chameleon.Avalonia.Prism.Application\Chameleon.Avalonia.Prism.Application.csproj", "{343C0D23-3F3D-4935-BC64-B8BB129D5B13}"
EndProject
Project("{9A19103F-16F7-4668-BE54-9A1E7A4F7556}") = "Chameleon.Avalonia.Prism.Module", "Chameleon.Avalonia\src\Chameleon.Avalonia.Prism.Module\Chameleon.Avalonia.Prism.Module.csproj", "{31495074-5B14-47B3-9D30-B18495199520}"
EndProject
Project("{2150E333-8FDC-42A3-9474-1A3956D46DE8}") = "Prism", "Prism", "{4427C0B5-DE4B-4D9F-B92D-02C7BCC15A75}"
EndProject
Project("{FAE04EC0-301F-11D3-BF4B-00C04F79EFBC}") = "Chameleon.Avalonia.Prism.Module.Auth", "Chameleon.Avalonia\src\Chameleon.Avalonia.Prism.Module.Auth\Chameleon.Avalonia.Prism.Module.Auth.csproj", "{83D766E3-CE07-4B25-B14A-2C0A84B1B85D}"
EndProject
Global
	GlobalSection(SolutionConfigurationPlatforms) = preSolution
		Debug|Any CPU = Debug|Any CPU
		Release|Any CPU = Release|Any CPU
	EndGlobalSection
	GlobalSection(ProjectConfigurationPlatforms) = postSolution
		{6981B91B-2C62-488A-9447-DA5015B2CC60}.Debug|Any CPU.ActiveCfg = Debug|Any CPU
		{6981B91B-2C62-488A-9447-DA5015B2CC60}.Debug|Any CPU.Build.0 = Debug|Any CPU
		{6981B91B-2C62-488A-9447-DA5015B2CC60}.Release|Any CPU.ActiveCfg = Release|Any CPU
		{6981B91B-2C62-488A-9447-DA5015B2CC60}.Release|Any CPU.Build.0 = Release|Any CPU
		{CD38C5E1-3856-411D-B4DA-AE8ECE10B751}.Debug|Any CPU.ActiveCfg = Debug|Any CPU
		{CD38C5E1-3856-411D-B4DA-AE8ECE10B751}.Debug|Any CPU.Build.0 = Debug|Any CPU
		{CD38C5E1-3856-411D-B4DA-AE8ECE10B751}.Release|Any CPU.ActiveCfg = Release|Any CPU
		{CD38C5E1-3856-411D-B4DA-AE8ECE10B751}.Release|Any CPU.Build.0 = Release|Any CPU
		{C25C91D1-9D64-4090-BC72-2FF8B5F4D9F5}.Debug|Any CPU.ActiveCfg = Debug|Any CPU
		{C25C91D1-9D64-4090-BC72-2FF8B5F4D9F5}.Debug|Any CPU.Build.0 = Debug|Any CPU
		{C25C91D1-9D64-4090-BC72-2FF8B5F4D9F5}.Debug|Any CPU.Deploy.0 = Debug|Any CPU
		{C25C91D1-9D64-4090-BC72-2FF8B5F4D9F5}.Release|Any CPU.ActiveCfg = Release|Any CPU
		{C25C91D1-9D64-4090-BC72-2FF8B5F4D9F5}.Release|Any CPU.Build.0 = Release|Any CPU
		{C25C91D1-9D64-4090-BC72-2FF8B5F4D9F5}.Release|Any CPU.Deploy.0 = Release|Any CPU
		{F828F9B1-BADC-4F31-B80C-1B7486F77711}.Debug|Any CPU.ActiveCfg = Debug|Any CPU
		{F828F9B1-BADC-4F31-B80C-1B7486F77711}.Debug|Any CPU.Build.0 = Debug|Any CPU
		{F828F9B1-BADC-4F31-B80C-1B7486F77711}.Release|Any CPU.ActiveCfg = Release|Any CPU
		{F828F9B1-BADC-4F31-B80C-1B7486F77711}.Release|Any CPU.Build.0 = Release|Any CPU
		{8A774660-044E-41FD-9132-CAD3807AD9D8}.Debug|Any CPU.ActiveCfg = Debug|Any CPU
		{8A774660-044E-41FD-9132-CAD3807AD9D8}.Debug|Any CPU.Build.0 = Debug|Any CPU
		{8A774660-044E-41FD-9132-CAD3807AD9D8}.Release|Any CPU.ActiveCfg = Release|Any CPU
		{8A774660-044E-41FD-9132-CAD3807AD9D8}.Release|Any CPU.Build.0 = Release|Any CPU
		{5068EFCD-1D32-4A23-8FCC-9CE620ABDB32}.Debug|Any CPU.ActiveCfg = Debug|Any CPU
		{5068EFCD-1D32-4A23-8FCC-9CE620ABDB32}.Debug|Any CPU.Build.0 = Debug|Any CPU
		{5068EFCD-1D32-4A23-8FCC-9CE620ABDB32}.Release|Any CPU.ActiveCfg = Release|Any CPU
		{5068EFCD-1D32-4A23-8FCC-9CE620ABDB32}.Release|Any CPU.Build.0 = Release|Any CPU
		{C2DD6EDA-32DF-4FBF-9D2A-19546582DB64}.Debug|Any CPU.ActiveCfg = Debug|Any CPU
		{C2DD6EDA-32DF-4FBF-9D2A-19546582DB64}.Debug|Any CPU.Build.0 = Debug|Any CPU
		{C2DD6EDA-32DF-4FBF-9D2A-19546582DB64}.Release|Any CPU.ActiveCfg = Release|Any CPU
		{C2DD6EDA-32DF-4FBF-9D2A-19546582DB64}.Release|Any CPU.Build.0 = Release|Any CPU
		{E19CD29E-4669-4D3D-9D2C-7D072775E526}.Debug|Any CPU.ActiveCfg = Debug|Any CPU
		{E19CD29E-4669-4D3D-9D2C-7D072775E526}.Debug|Any CPU.Build.0 = Debug|Any CPU
		{E19CD29E-4669-4D3D-9D2C-7D072775E526}.Release|Any CPU.ActiveCfg = Release|Any CPU
		{E19CD29E-4669-4D3D-9D2C-7D072775E526}.Release|Any CPU.Build.0 = Release|Any CPU
		{7829B5C1-D60D-4F52-88F0-F14C141FAF0A}.Debug|Any CPU.ActiveCfg = Debug|Any CPU
		{7829B5C1-D60D-4F52-88F0-F14C141FAF0A}.Debug|Any CPU.Build.0 = Debug|Any CPU
		{7829B5C1-D60D-4F52-88F0-F14C141FAF0A}.Release|Any CPU.ActiveCfg = Release|Any CPU
		{7829B5C1-D60D-4F52-88F0-F14C141FAF0A}.Release|Any CPU.Build.0 = Release|Any CPU
		{132925FF-B89C-4FC0-9AA8-E83455FCC2BA}.Debug|Any CPU.ActiveCfg = Debug|Any CPU
		{132925FF-B89C-4FC0-9AA8-E83455FCC2BA}.Debug|Any CPU.Build.0 = Debug|Any CPU
		{132925FF-B89C-4FC0-9AA8-E83455FCC2BA}.Release|Any CPU.ActiveCfg = Release|Any CPU
		{132925FF-B89C-4FC0-9AA8-E83455FCC2BA}.Release|Any CPU.Build.0 = Release|Any CPU
		{08ED3E07-406D-47B3-9927-38B8066FF498}.Debug|Any CPU.ActiveCfg = Debug|Any CPU
		{08ED3E07-406D-47B3-9927-38B8066FF498}.Debug|Any CPU.Build.0 = Debug|Any CPU
		{08ED3E07-406D-47B3-9927-38B8066FF498}.Release|Any CPU.ActiveCfg = Release|Any CPU
		{08ED3E07-406D-47B3-9927-38B8066FF498}.Release|Any CPU.Build.0 = Release|Any CPU
		{3B884611-FF16-46FC-890D-B85AE6388511}.Debug|Any CPU.ActiveCfg = Debug|Any CPU
		{3B884611-FF16-46FC-890D-B85AE6388511}.Debug|Any CPU.Build.0 = Debug|Any CPU
		{3B884611-FF16-46FC-890D-B85AE6388511}.Release|Any CPU.ActiveCfg = Release|Any CPU
		{3B884611-FF16-46FC-890D-B85AE6388511}.Release|Any CPU.Build.0 = Release|Any CPU
		{61D57D8B-20D4-42EB-BA1B-9E4FCAFA995F}.Debug|Any CPU.ActiveCfg = Debug|Any CPU
		{61D57D8B-20D4-42EB-BA1B-9E4FCAFA995F}.Debug|Any CPU.Build.0 = Debug|Any CPU
		{61D57D8B-20D4-42EB-BA1B-9E4FCAFA995F}.Release|Any CPU.ActiveCfg = Release|Any CPU
		{61D57D8B-20D4-42EB-BA1B-9E4FCAFA995F}.Release|Any CPU.Build.0 = Release|Any CPU
		{403C174F-1B60-42C5-AC65-1F42422891A9}.Debug|Any CPU.ActiveCfg = Debug|Any CPU
		{403C174F-1B60-42C5-AC65-1F42422891A9}.Debug|Any CPU.Build.0 = Debug|Any CPU
		{403C174F-1B60-42C5-AC65-1F42422891A9}.Release|Any CPU.ActiveCfg = Release|Any CPU
		{403C174F-1B60-42C5-AC65-1F42422891A9}.Release|Any CPU.Build.0 = Release|Any CPU
		{8B2F015D-2EDE-48A0-A1A9-36AE918CF81D}.Debug|Any CPU.ActiveCfg = Debug|Any CPU
		{8B2F015D-2EDE-48A0-A1A9-36AE918CF81D}.Debug|Any CPU.Build.0 = Debug|Any CPU
		{8B2F015D-2EDE-48A0-A1A9-36AE918CF81D}.Release|Any CPU.ActiveCfg = Release|Any CPU
		{8B2F015D-2EDE-48A0-A1A9-36AE918CF81D}.Release|Any CPU.Build.0 = Release|Any CPU
		{B8040407-EC02-4AA3-BF8F-03F80F800B5D}.Debug|Any CPU.ActiveCfg = Debug|Any CPU
		{B8040407-EC02-4AA3-BF8F-03F80F800B5D}.Debug|Any CPU.Build.0 = Debug|Any CPU
		{B8040407-EC02-4AA3-BF8F-03F80F800B5D}.Release|Any CPU.ActiveCfg = Release|Any CPU
		{B8040407-EC02-4AA3-BF8F-03F80F800B5D}.Release|Any CPU.Build.0 = Release|Any CPU
		{D6FFA8C9-9F71-4EC3-B286-89DACC43F7AE}.Debug|Any CPU.ActiveCfg = Debug|Any CPU
		{D6FFA8C9-9F71-4EC3-B286-89DACC43F7AE}.Debug|Any CPU.Build.0 = Debug|Any CPU
		{D6FFA8C9-9F71-4EC3-B286-89DACC43F7AE}.Release|Any CPU.ActiveCfg = Release|Any CPU
		{D6FFA8C9-9F71-4EC3-B286-89DACC43F7AE}.Release|Any CPU.Build.0 = Release|Any CPU
		{1A229BA5-507D-4AEF-A113-62C00955568F}.Debug|Any CPU.ActiveCfg = Debug|Any CPU
		{1A229BA5-507D-4AEF-A113-62C00955568F}.Debug|Any CPU.Build.0 = Debug|Any CPU
		{1A229BA5-507D-4AEF-A113-62C00955568F}.Release|Any CPU.ActiveCfg = Release|Any CPU
		{1A229BA5-507D-4AEF-A113-62C00955568F}.Release|Any CPU.Build.0 = Release|Any CPU
		{9D4A42FB-1EDF-490B-9182-539F51899780}.Debug|Any CPU.ActiveCfg = Debug|Any CPU
		{9D4A42FB-1EDF-490B-9182-539F51899780}.Debug|Any CPU.Build.0 = Debug|Any CPU
		{9D4A42FB-1EDF-490B-9182-539F51899780}.Release|Any CPU.ActiveCfg = Release|Any CPU
		{9D4A42FB-1EDF-490B-9182-539F51899780}.Release|Any CPU.Build.0 = Release|Any CPU
		{80FA820E-965E-49F5-A1B1-79B0C77EA76B}.Debug|Any CPU.ActiveCfg = Debug|Any CPU
		{80FA820E-965E-49F5-A1B1-79B0C77EA76B}.Debug|Any CPU.Build.0 = Debug|Any CPU
		{80FA820E-965E-49F5-A1B1-79B0C77EA76B}.Release|Any CPU.ActiveCfg = Release|Any CPU
		{80FA820E-965E-49F5-A1B1-79B0C77EA76B}.Release|Any CPU.Build.0 = Release|Any CPU
		{343C0D23-3F3D-4935-BC64-B8BB129D5B13}.Debug|Any CPU.ActiveCfg = Debug|Any CPU
		{343C0D23-3F3D-4935-BC64-B8BB129D5B13}.Debug|Any CPU.Build.0 = Debug|Any CPU
		{343C0D23-3F3D-4935-BC64-B8BB129D5B13}.Release|Any CPU.ActiveCfg = Release|Any CPU
		{343C0D23-3F3D-4935-BC64-B8BB129D5B13}.Release|Any CPU.Build.0 = Release|Any CPU
		{31495074-5B14-47B3-9D30-B18495199520}.Debug|Any CPU.ActiveCfg = Debug|Any CPU
		{31495074-5B14-47B3-9D30-B18495199520}.Debug|Any CPU.Build.0 = Debug|Any CPU
		{31495074-5B14-47B3-9D30-B18495199520}.Release|Any CPU.ActiveCfg = Release|Any CPU
		{31495074-5B14-47B3-9D30-B18495199520}.Release|Any CPU.Build.0 = Release|Any CPU
		{83D766E3-CE07-4B25-B14A-2C0A84B1B85D}.Debug|Any CPU.ActiveCfg = Debug|Any CPU
		{83D766E3-CE07-4B25-B14A-2C0A84B1B85D}.Debug|Any CPU.Build.0 = Debug|Any CPU
		{83D766E3-CE07-4B25-B14A-2C0A84B1B85D}.Release|Any CPU.ActiveCfg = Release|Any CPU
		{83D766E3-CE07-4B25-B14A-2C0A84B1B85D}.Release|Any CPU.Build.0 = Release|Any CPU
	EndGlobalSection
	GlobalSection(SolutionProperties) = preSolution
		HideSolutionNode = FALSE
	EndGlobalSection
	GlobalSection(NestedProjects) = preSolution
		{6981B91B-2C62-488A-9447-DA5015B2CC60} = {E57F56C7-ACF8-48E2-9406-DD7C25779808}
		{E57F56C7-ACF8-48E2-9406-DD7C25779808} = {EDA2D604-6596-49E3-B16D-010515BD81FA}
		{CD38C5E1-3856-411D-B4DA-AE8ECE10B751} = {E57F56C7-ACF8-48E2-9406-DD7C25779808}
		{C25C91D1-9D64-4090-BC72-2FF8B5F4D9F5} = {ED41F1A5-E227-4A2A-B6AE-7435A368EE8C}
		{4A7EF5ED-A826-4212-A87F-FD4C64514F59} = {EDA2D604-6596-49E3-B16D-010515BD81FA}
		{F828F9B1-BADC-4F31-B80C-1B7486F77711} = {DD2E432A-BC2B-432B-BC89-0777702DB877}
		{0CBE8269-9B38-429D-B104-35671AC60ECA} = {EDA2D604-6596-49E3-B16D-010515BD81FA}
		{1F825646-A762-4898-A873-0A1AFCA90035} = {0CBE8269-9B38-429D-B104-35671AC60ECA}
		{8A774660-044E-41FD-9132-CAD3807AD9D8} = {1F825646-A762-4898-A873-0A1AFCA90035}
		{5068EFCD-1D32-4A23-8FCC-9CE620ABDB32} = {1F825646-A762-4898-A873-0A1AFCA90035}
		{C2DD6EDA-32DF-4FBF-9D2A-19546582DB64} = {0CBE8269-9B38-429D-B104-35671AC60ECA}
		{E19CD29E-4669-4D3D-9D2C-7D072775E526} = {0CBE8269-9B38-429D-B104-35671AC60ECA}
		{7829B5C1-D60D-4F52-88F0-F14C141FAF0A} = {1F825646-A762-4898-A873-0A1AFCA90035}
		{132925FF-B89C-4FC0-9AA8-E83455FCC2BA} = {DD2E432A-BC2B-432B-BC89-0777702DB877}
		{08ED3E07-406D-47B3-9927-38B8066FF498} = {DD2E432A-BC2B-432B-BC89-0777702DB877}
		{3B884611-FF16-46FC-890D-B85AE6388511} = {DD2E432A-BC2B-432B-BC89-0777702DB877}
		{64CDDC0F-0BCE-4990-869C-722E3F7BFF64} = {DD2E432A-BC2B-432B-BC89-0777702DB877}
		{61D57D8B-20D4-42EB-BA1B-9E4FCAFA995F} = {64CDDC0F-0BCE-4990-869C-722E3F7BFF64}
		{403C174F-1B60-42C5-AC65-1F42422891A9} = {0CBE8269-9B38-429D-B104-35671AC60ECA}
		{8B2F015D-2EDE-48A0-A1A9-36AE918CF81D} = {DD2E432A-BC2B-432B-BC89-0777702DB877}
		{B8040407-EC02-4AA3-BF8F-03F80F800B5D} = {CE5E137F-ECF3-42D0-99BB-18BA964E56EF}
		{CE5E137F-ECF3-42D0-99BB-18BA964E56EF} = {DE63877A-8B12-433C-B53C-8A03A5F3A071}
		{D6FFA8C9-9F71-4EC3-B286-89DACC43F7AE} = {4427C0B5-DE4B-4D9F-B92D-02C7BCC15A75}
		{1A229BA5-507D-4AEF-A113-62C00955568F} = {4427C0B5-DE4B-4D9F-B92D-02C7BCC15A75}
		{9D4A42FB-1EDF-490B-9182-539F51899780} = {DE63877A-8B12-433C-B53C-8A03A5F3A071}
		{80FA820E-965E-49F5-A1B1-79B0C77EA76B} = {4427C0B5-DE4B-4D9F-B92D-02C7BCC15A75}
		{343C0D23-3F3D-4935-BC64-B8BB129D5B13} = {4427C0B5-DE4B-4D9F-B92D-02C7BCC15A75}
		{31495074-5B14-47B3-9D30-B18495199520} = {4427C0B5-DE4B-4D9F-B92D-02C7BCC15A75}
		{4427C0B5-DE4B-4D9F-B92D-02C7BCC15A75} = {DE63877A-8B12-433C-B53C-8A03A5F3A071}
		{83D766E3-CE07-4B25-B14A-2C0A84B1B85D} = {4427C0B5-DE4B-4D9F-B92D-02C7BCC15A75}
	EndGlobalSection
	GlobalSection(ExtensibilityGlobals) = postSolution
		SolutionGuid = {52C30471-AD92-43F8-A89B-23CD1967C6A9}
	EndGlobalSection
EndGlobal
